{
  "name": "Try 4",
  "lockfileVersion": 3,
  "requires": true,
  "packages": {
    "": {
      "dependencies": {
        "fontforge": "^0.0.4"
      }
    },
    "node_modules/fontforge": {
      "version": "0.0.4",
      "resolved": "https://registry.npmjs.org/fontforge/-/fontforge-0.0.4.tgz",
      "integrity": "sha512-iLUI4JgH7nIVshARE2le7s8TshZxt8noxeFDR4uTno1ZbvSaUj8UjdicOVDMp1j+IkfxoNRvbPYBFz260BlfDg=="
    }
  }
}
